
Microsoft Visual Studio Solution File, Format Version 12.00
# Visual Studio Version 16
VisualStudioVersion = 16.0.31424.327
MinimumVisualStudioVersion = 10.0.40219.1
Project("{FAE04EC0-301F-11D3-BF4B-00C04F79EFBC}") = "ParallelProgramming1", "ParallelProgramming1.csproj", "{DF7A1CE6-5916-40E2-8A67-696790924FD2}"
EndProject
Global
	GlobalSection(SolutionConfigurationPlatforms) = preSolution
		Debug|Any CPU = Debug|Any CPU
		Release|Any CPU = Release|Any CPU
	EndGlobalSection
	GlobalSection(ProjectConfigurationPlatforms) = postSolution
		{DF7A1CE6-5916-40E2-8A67-696790924FD2}.Debug|Any CPU.ActiveCfg = Debug|Any CPU
		{DF7A1CE6-5916-40E2-8A67-696790924FD2}.Debug|Any CPU.Build.0 = Debug|Any CPU
		{DF7A1CE6-5916-40E2-8A67-696790924FD2}.Release|Any CPU.ActiveCfg = Release|Any CPU
		{DF7A1CE6-5916-40E2-8A67-696790924FD2}.Release|Any CPU.Build.0 = Release|Any CPU
	EndGlobalSection
	GlobalSection(SolutionProperties) = preSolution
		HideSolutionNode = FALSE
	EndGlobalSection
	GlobalSection(ExtensibilityGlobals) = postSolution
		SolutionGuid = {509A7081-AEE0-43D2-8456-7D78DB698377}
	EndGlobalSection
EndGlobal
